
Microsoft Visual Studio Solution File, Format Version 12.00
# Visual Studio Version 17
VisualStudioVersion = 17.10.35122.118
MinimumVisualStudioVersion = 10.0.40219.1
Project("{FAE04EC0-301F-11D3-BF4B-00C04F79EFBC}") = "WeatherForecastApp", "WeatherForecastApp\WeatherForecastApp.csproj", "{69985087-9D96-42AB-9245-DF7D9C7249EA}"
EndProject
Global
	GlobalSection(SolutionConfigurationPlatforms) = preSolution
		Debug|Any CPU = Debug|Any CPU
		Release|Any CPU = Release|Any CPU
	EndGlobalSection
	GlobalSection(ProjectConfigurationPlatforms) = postSolution
		{69985087-9D96-42AB-9245-DF7D9C7249EA}.Debug|Any CPU.ActiveCfg = Debug|Any CPU
		{69985087-9D96-42AB-9245-DF7D9C7249EA}.Debug|Any CPU.Build.0 = Debug|Any CPU
		{69985087-9D96-42AB-9245-DF7D9C7249EA}.Release|Any CPU.ActiveCfg = Release|Any CPU
		{69985087-9D96-42AB-9245-DF7D9C7249EA}.Release|Any CPU.Build.0 = Release|Any CPU
	EndGlobalSection
	GlobalSection(SolutionProperties) = preSolution
		HideSolutionNode = FALSE
	EndGlobalSection
	GlobalSection(ExtensibilityGlobals) = postSolution
		SolutionGuid = {1067BCCE-BB92-4D12-9218-5470F4DAC3C2}
	EndGlobalSection
EndGlobal
